// !$*UTF8*$!
{
	archiveVersion = 1;
	classes = {
	};
	objectVersion = 50;
	objects = {

/* Begin PBXBuildFile section */
		46415253223AAF8D00A9F1FE /* AppDelegate.swift in Sources */ = {isa = PBXBuildFile; fileRef = 46415252223AAF8D00A9F1FE /* AppDelegate.swift */; };
		46415255223AAF8D00A9F1FE /* ViewController.swift in Sources */ = {isa = PBXBuildFile; fileRef = 46415254223AAF8D00A9F1FE /* ViewController.swift */; };
		46415258223AAF8D00A9F1FE /* Main.storyboard in Resources */ = {isa = PBXBuildFile; fileRef = 46415256223AAF8D00A9F1FE /* Main.storyboard */; };
		4641525A223AAF9600A9F1FE /* Assets.xcassets in Resources */ = {isa = PBXBuildFile; fileRef = 46415259223AAF9600A9F1FE /* Assets.xcassets */; };
		4641525D223AAF9600A9F1FE /* LaunchScreen.storyboard in Resources */ = {isa = PBXBuildFile; fileRef = 4641525B223AAF9600A9F1FE /* LaunchScreen.storyboard */; };
		46415268223AAF9600A9F1FE /* AmericanDreamTests.swift in Sources */ = {isa = PBXBuildFile; fileRef = 46415267223AAF9600A9F1FE /* AmericanDreamTests.swift */; };
		46CA505C223AB2B700E1BB0C /* TranslatorItem.swift in Sources */ = {isa = PBXBuildFile; fileRef = 46CA505B223AB2B700E1BB0C /* TranslatorItem.swift */; };
		46CA505E223AB2E900E1BB0C /* Service.swift in Sources */ = {isa = PBXBuildFile; fileRef = 46CA505D223AB2E900E1BB0C /* Service.swift */; };
		46CA5060223AB5CA00E1BB0C /* TranslateServiceTests.swift in Sources */ = {isa = PBXBuildFile; fileRef = 46CA505F223AB5CA00E1BB0C /* TranslateServiceTests.swift */; };
		46CA5063223AB68700E1BB0C /* json-helpers.swift in Sources */ = {isa = PBXBuildFile; fileRef = 46CA5062223AB68700E1BB0C /* json-helpers.swift */; };
		46CA5069223AB8F400E1BB0C /* TranslatorController.swift in Sources */ = {isa = PBXBuildFile; fileRef = 46CA5068223AB8F400E1BB0C /* TranslatorController.swift */; };
		46CA506B223AB95600E1BB0C /* TranslatorView.swift in Sources */ = {isa = PBXBuildFile; fileRef = 46CA506A223AB95600E1BB0C /* TranslatorView.swift */; };
		46CA506E223ABF7000E1BB0C /* ExchangeItem.swift in Sources */ = {isa = PBXBuildFile; fileRef = 46CA506D223ABF7000E1BB0C /* ExchangeItem.swift */; };
		46CA5070223AC09100E1BB0C /* ExchangeService.swift in Sources */ = {isa = PBXBuildFile; fileRef = 46CA506F223AC09100E1BB0C /* ExchangeService.swift */; };
		46CA5072223CD72700E1BB0C /* ExchangeServiceTests.swift in Sources */ = {isa = PBXBuildFile; fileRef = 46CA5071223CD72700E1BB0C /* ExchangeServiceTests.swift */; };
		46F3D482223CD94600E240F3 /* ExchangeController.swift in Sources */ = {isa = PBXBuildFile; fileRef = 46F3D481223CD94600E240F3 /* ExchangeController.swift */; };
		46F3D484223CD98F00E240F3 /* ExchangeHeader.swift in Sources */ = {isa = PBXBuildFile; fileRef = 46F3D483223CD98F00E240F3 /* ExchangeHeader.swift */; };
		46F3D486223CD9AA00E240F3 /* ExchangeCell.swift in Sources */ = {isa = PBXBuildFile; fileRef = 46F3D485223CD9AA00E240F3 /* ExchangeCell.swift */; };
		46F3D488223CEB8100E240F3 /* UIColor-helpers.swift in Sources */ = {isa = PBXBuildFile; fileRef = 46F3D487223CEB8100E240F3 /* UIColor-helpers.swift */; };
		46F3D48A223CF47300E240F3 /* RoundedHelpers.swift in Sources */ = {isa = PBXBuildFile; fileRef = 46F3D489223CF47300E240F3 /* RoundedHelpers.swift */; };
/* End PBXBuildFile section */

/* Begin PBXContainerItemProxy section */
		46415264223AAF9600A9F1FE /* PBXContainerItemProxy */ = {
			isa = PBXContainerItemProxy;
			containerPortal = 46415247223AAF8D00A9F1FE /* Project object */;
			proxyType = 1;
			remoteGlobalIDString = 4641524E223AAF8D00A9F1FE;
			remoteInfo = AmericanDream;
		};
/* End PBXContainerItemProxy section */

/* Begin PBXFileReference section */
		4641524F223AAF8D00A9F1FE /* AmericanDream.app */ = {isa = PBXFileReference; explicitFileType = wrapper.application; includeInIndex = 0; path = AmericanDream.app; sourceTree = BUILT_PRODUCTS_DIR; };
		46415252223AAF8D00A9F1FE /* AppDelegate.swift */ = {isa = PBXFileReference; lastKnownFileType = sourcecode.swift; path = AppDelegate.swift; sourceTree = "<group>"; };
		46415254223AAF8D00A9F1FE /* ViewController.swift */ = {isa = PBXFileReference; lastKnownFileType = sourcecode.swift; path = ViewController.swift; sourceTree = "<group>"; };
		46415257223AAF8D00A9F1FE /* Base */ = {isa = PBXFileReference; lastKnownFileType = file.storyboard; name = Base; path = Base.lproj/Main.storyboard; sourceTree = "<group>"; };
		46415259223AAF9600A9F1FE /* Assets.xcassets */ = {isa = PBXFileReference; lastKnownFileType = folder.assetcatalog; path = Assets.xcassets; sourceTree = "<group>"; };
		4641525C223AAF9600A9F1FE /* Base */ = {isa = PBXFileReference; lastKnownFileType = file.storyboard; name = Base; path = Base.lproj/LaunchScreen.storyboard; sourceTree = "<group>"; };
		4641525E223AAF9600A9F1FE /* Info.plist */ = {isa = PBXFileReference; lastKnownFileType = text.plist.xml; path = Info.plist; sourceTree = "<group>"; };
		46415263223AAF9600A9F1FE /* AmericanDreamTests.xctest */ = {isa = PBXFileReference; explicitFileType = wrapper.cfbundle; includeInIndex = 0; path = AmericanDreamTests.xctest; sourceTree = BUILT_PRODUCTS_DIR; };
		46415267223AAF9600A9F1FE /* AmericanDreamTests.swift */ = {isa = PBXFileReference; lastKnownFileType = sourcecode.swift; path = AmericanDreamTests.swift; sourceTree = "<group>"; };
		46415269223AAF9600A9F1FE /* Info.plist */ = {isa = PBXFileReference; lastKnownFileType = text.plist.xml; path = Info.plist; sourceTree = "<group>"; };
		46CA505B223AB2B700E1BB0C /* TranslatorItem.swift */ = {isa = PBXFileReference; lastKnownFileType = sourcecode.swift; path = TranslatorItem.swift; sourceTree = "<group>"; };
		46CA505D223AB2E900E1BB0C /* Service.swift */ = {isa = PBXFileReference; lastKnownFileType = sourcecode.swift; path = Service.swift; sourceTree = "<group>"; };
		46CA505F223AB5CA00E1BB0C /* TranslateServiceTests.swift */ = {isa = PBXFileReference; lastKnownFileType = sourcecode.swift; path = TranslateServiceTests.swift; sourceTree = "<group>"; };
		46CA5062223AB68700E1BB0C /* json-helpers.swift */ = {isa = PBXFileReference; lastKnownFileType = sourcecode.swift; path = "json-helpers.swift"; sourceTree = "<group>"; };
		46CA5068223AB8F400E1BB0C /* TranslatorController.swift */ = {isa = PBXFileReference; lastKnownFileType = sourcecode.swift; path = TranslatorController.swift; sourceTree = "<group>"; };
		46CA506A223AB95600E1BB0C /* TranslatorView.swift */ = {isa = PBXFileReference; lastKnownFileType = sourcecode.swift; path = TranslatorView.swift; sourceTree = "<group>"; };
		46CA506D223ABF7000E1BB0C /* ExchangeItem.swift */ = {isa = PBXFileReference; lastKnownFileType = sourcecode.swift; path = ExchangeItem.swift; sourceTree = "<group>"; };
		46CA506F223AC09100E1BB0C /* ExchangeService.swift */ = {isa = PBXFileReference; lastKnownFileType = sourcecode.swift; path = ExchangeService.swift; sourceTree = "<group>"; };
		46CA5071223CD72700E1BB0C /* ExchangeServiceTests.swift */ = {isa = PBXFileReference; lastKnownFileType = sourcecode.swift; path = ExchangeServiceTests.swift; sourceTree = "<group>"; };
		46F3D481223CD94600E240F3 /* ExchangeController.swift */ = {isa = PBXFileReference; lastKnownFileType = sourcecode.swift; path = ExchangeController.swift; sourceTree = "<group>"; };
		46F3D483223CD98F00E240F3 /* ExchangeHeader.swift */ = {isa = PBXFileReference; lastKnownFileType = sourcecode.swift; path = ExchangeHeader.swift; sourceTree = "<group>"; };
		46F3D485223CD9AA00E240F3 /* ExchangeCell.swift */ = {isa = PBXFileReference; lastKnownFileType = sourcecode.swift; path = ExchangeCell.swift; sourceTree = "<group>"; };
		46F3D487223CEB8100E240F3 /* UIColor-helpers.swift */ = {isa = PBXFileReference; lastKnownFileType = sourcecode.swift; path = "UIColor-helpers.swift"; sourceTree = "<group>"; };
		46F3D489223CF47300E240F3 /* RoundedHelpers.swift */ = {isa = PBXFileReference; lastKnownFileType = sourcecode.swift; path = RoundedHelpers.swift; sourceTree = "<group>"; };
/* End PBXFileReference section */

/* Begin PBXFrameworksBuildPhase section */
		4641524C223AAF8D00A9F1FE /* Frameworks */ = {
			isa = PBXFrameworksBuildPhase;
			buildActionMask = 2147483647;
			files = (
			);
			runOnlyForDeploymentPostprocessing = 0;
		};
		46415260223AAF9600A9F1FE /* Frameworks */ = {
			isa = PBXFrameworksBuildPhase;
			buildActionMask = 2147483647;
			files = (
			);
			runOnlyForDeploymentPostprocessing = 0;
		};
/* End PBXFrameworksBuildPhase section */

/* Begin PBXGroup section */
		46415246223AAF8D00A9F1FE = {
			isa = PBXGroup;
			children = (
				46415251223AAF8D00A9F1FE /* AmericanDream */,
				46415266223AAF9600A9F1FE /* AmericanDreamTests */,
				46415250223AAF8D00A9F1FE /* Products */,
			);
			sourceTree = "<group>";
		};
		46415250223AAF8D00A9F1FE /* Products */ = {
			isa = PBXGroup;
			children = (
				4641524F223AAF8D00A9F1FE /* AmericanDream.app */,
				46415263223AAF9600A9F1FE /* AmericanDreamTests.xctest */,
			);
			name = Products;
			sourceTree = "<group>";
		};
		46415251223AAF8D00A9F1FE /* AmericanDream */ = {
			isa = PBXGroup;
			children = (
				46415252223AAF8D00A9F1FE /* AppDelegate.swift */,
				46415254223AAF8D00A9F1FE /* ViewController.swift */,
				46415256223AAF8D00A9F1FE /* Main.storyboard */,
				46415259223AAF9600A9F1FE /* Assets.xcassets */,
				4641525B223AAF9600A9F1FE /* LaunchScreen.storyboard */,
				4641525E223AAF9600A9F1FE /* Info.plist */,
				46CA506C223ABF3900E1BB0C /* Exchange */,
				46CA505A223AB2AB00E1BB0C /* Translator */,
				46F3D487223CEB8100E240F3 /* UIColor-helpers.swift */,
				46F3D489223CF47300E240F3 /* RoundedHelpers.swift */,
			);
			path = AmericanDream;
			sourceTree = "<group>";
		};
		46415266223AAF9600A9F1FE /* AmericanDreamTests */ = {
			isa = PBXGroup;
			children = (
				46415267223AAF9600A9F1FE /* AmericanDreamTests.swift */,
				46CA505F223AB5CA00E1BB0C /* TranslateServiceTests.swift */,
				46CA5071223CD72700E1BB0C /* ExchangeServiceTests.swift */,
				46415269223AAF9600A9F1FE /* Info.plist */,
			);
			path = AmericanDreamTests;
			sourceTree = "<group>";
		};
		46CA505A223AB2AB00E1BB0C /* Translator */ = {
			isa = PBXGroup;
			children = (
				46CA5061223AB67A00E1BB0C /* Helpers */,
				46CA505B223AB2B700E1BB0C /* TranslatorItem.swift */,
				46CA505D223AB2E900E1BB0C /* Service.swift */,
				46CA5068223AB8F400E1BB0C /* TranslatorController.swift */,
				46CA506A223AB95600E1BB0C /* TranslatorView.swift */,
			);
			name = Translator;
			sourceTree = "<group>";
		};
		46CA5061223AB67A00E1BB0C /* Helpers */ = {
			isa = PBXGroup;
			children = (
				46CA5062223AB68700E1BB0C /* json-helpers.swift */,
			);
			name = Helpers;
			sourceTree = "<group>";
		};
		46CA506C223ABF3900E1BB0C /* Exchange */ = {
			isa = PBXGroup;
			children = (
				46CA506D223ABF7000E1BB0C /* ExchangeItem.swift */,
				46F3D485223CD9AA00E240F3 /* ExchangeCell.swift */,
				46CA506F223AC09100E1BB0C /* ExchangeService.swift */,
				46F3D481223CD94600E240F3 /* ExchangeController.swift */,
				46F3D483223CD98F00E240F3 /* ExchangeHeader.swift */,
			);
			path = Exchange;
			sourceTree = "<group>";
		};
/* End PBXGroup section */

/* Begin PBXNativeTarget section */
		4641524E223AAF8D00A9F1FE /* AmericanDream */ = {
			isa = PBXNativeTarget;
			buildConfigurationList = 4641526C223AAF9600A9F1FE /* Build configuration list for PBXNativeTarget "AmericanDream" */;
			buildPhases = (
				4641524B223AAF8D00A9F1FE /* Sources */,
				4641524C223AAF8D00A9F1FE /* Frameworks */,
				4641524D223AAF8D00A9F1FE /* Resources */,
			);
			buildRules = (
			);
			dependencies = (
			);
			name = AmericanDream;
			productName = AmericanDream;
			productReference = 4641524F223AAF8D00A9F1FE /* AmericanDream.app */;
			productType = "com.apple.product-type.application";
		};
		46415262223AAF9600A9F1FE /* AmericanDreamTests */ = {
			isa = PBXNativeTarget;
			buildConfigurationList = 4641526F223AAF9600A9F1FE /* Build configuration list for PBXNativeTarget "AmericanDreamTests" */;
			buildPhases = (
				4641525F223AAF9600A9F1FE /* Sources */,
				46415260223AAF9600A9F1FE /* Frameworks */,
				46415261223AAF9600A9F1FE /* Resources */,
			);
			buildRules = (
			);
			dependencies = (
				46415265223AAF9600A9F1FE /* PBXTargetDependency */,
			);
			name = AmericanDreamTests;
			productName = AmericanDreamTests;
			productReference = 46415263223AAF9600A9F1FE /* AmericanDreamTests.xctest */;
			productType = "com.apple.product-type.bundle.unit-test";
		};
/* End PBXNativeTarget section */

/* Begin PBXProject section */
		46415247223AAF8D00A9F1FE /* Project object */ = {
			isa = PBXProject;
			attributes = {
				LastSwiftUpdateCheck = 1010;
				LastUpgradeCheck = 1010;
				ORGANIZATIONNAME = "Christophe Bugnon";
				TargetAttributes = {
					4641524E223AAF8D00A9F1FE = {
						CreatedOnToolsVersion = 10.1;
					};
					46415262223AAF9600A9F1FE = {
						CreatedOnToolsVersion = 10.1;
						TestTargetID = 4641524E223AAF8D00A9F1FE;
					};
				};
			};
			buildConfigurationList = 4641524A223AAF8D00A9F1FE /* Build configuration list for PBXProject "AmericanDream" */;
			compatibilityVersion = "Xcode 9.3";
			developmentRegion = en;
			hasScannedForEncodings = 0;
			knownRegions = (
				en,
				Base,
			);
			mainGroup = 46415246223AAF8D00A9F1FE;
			productRefGroup = 46415250223AAF8D00A9F1FE /* Products */;
			projectDirPath = "";
			projectRoot = "";
			targets = (
				4641524E223AAF8D00A9F1FE /* AmericanDream */,
				46415262223AAF9600A9F1FE /* AmericanDreamTests */,
			);
		};
/* End PBXProject section */

/* Begin PBXResourcesBuildPhase section */
		4641524D223AAF8D00A9F1FE /* Resources */ = {
			isa = PBXResourcesBuildPhase;
			buildActionMask = 2147483647;
			files = (
				4641525D223AAF9600A9F1FE /* LaunchScreen.storyboard in Resources */,
				4641525A223AAF9600A9F1FE /* Assets.xcassets in Resources */,
				46415258223AAF8D00A9F1FE /* Main.storyboard in Resources */,
			);
			runOnlyForDeploymentPostprocessing = 0;
		};
		46415261223AAF9600A9F1FE /* Resources */ = {
			isa = PBXResourcesBuildPhase;
			buildActionMask = 2147483647;
			files = (
			);
			runOnlyForDeploymentPostprocessing = 0;
		};
/* End PBXResourcesBuildPhase section */

/* Begin PBXSourcesBuildPhase section */
		4641524B223AAF8D00A9F1FE /* Sources */ = {
			isa = PBXSourcesBuildPhase;
			buildActionMask = 2147483647;
			files = (
				46F3D486223CD9AA00E240F3 /* ExchangeCell.swift in Sources */,
				46CA506B223AB95600E1BB0C /* TranslatorView.swift in Sources */,
				46F3D484223CD98F00E240F3 /* ExchangeHeader.swift in Sources */,
				46415255223AAF8D00A9F1FE /* ViewController.swift in Sources */,
				46CA5070223AC09100E1BB0C /* ExchangeService.swift in Sources */,
				46CA505E223AB2E900E1BB0C /* Service.swift in Sources */,
				46CA5063223AB68700E1BB0C /* json-helpers.swift in Sources */,
				46415253223AAF8D00A9F1FE /* AppDelegate.swift in Sources */,
				46F3D488223CEB8100E240F3 /* UIColor-helpers.swift in Sources */,
				46F3D48A223CF47300E240F3 /* RoundedHelpers.swift in Sources */,
				46CA505C223AB2B700E1BB0C /* TranslatorItem.swift in Sources */,
				46CA5069223AB8F400E1BB0C /* TranslatorController.swift in Sources */,
				46F3D482223CD94600E240F3 /* ExchangeController.swift in Sources */,
				46CA506E223ABF7000E1BB0C /* ExchangeItem.swift in Sources */,
			);
			runOnlyForDeploymentPostprocessing = 0;
		};
		4641525F223AAF9600A9F1FE /* Sources */ = {
			isa = PBXSourcesBuildPhase;
			buildActionMask = 2147483647;
			files = (
				46CA5072223CD72700E1BB0C /* ExchangeServiceTests.swift in Sources */,
				46CA5060223AB5CA00E1BB0C /* TranslateServiceTests.swift in Sources */,
				46415268223AAF9600A9F1FE /* AmericanDreamTests.swift in Sources */,
			);
			runOnlyForDeploymentPostprocessing = 0;
		};
/* End PBXSourcesBuildPhase section */

/* Begin PBXTargetDependency section */
		46415265223AAF9600A9F1FE /* PBXTargetDependency */ = {
			isa = PBXTargetDependency;
			target = 4641524E223AAF8D00A9F1FE /* AmericanDream */;
			targetProxy = 46415264223AAF9600A9F1FE /* PBXContainerItemProxy */;
		};
/* End PBXTargetDependency section */

/* Begin PBXVariantGroup section */
		46415256223AAF8D00A9F1FE /* Main.storyboard */ = {
			isa = PBXVariantGroup;
			children = (
				46415257223AAF8D00A9F1FE /* Base */,
			);
			name = Main.storyboard;
			sourceTree = "<group>";
		};
		4641525B223AAF9600A9F1FE /* LaunchScreen.storyboard */ = {
			isa = PBXVariantGroup;
			children = (
				4641525C223AAF9600A9F1FE /* Base */,
			);
			name = LaunchScreen.storyboard;
			sourceTree = "<group>";
		};
/* End PBXVariantGroup section */

/* Begin XCBuildConfiguration section */
		4641526A223AAF9600A9F1FE /* Debug */ = {
			isa = XCBuildConfiguration;
			buildSettings = {
				ALWAYS_SEARCH_USER_PATHS = NO;
				CLANG_ANALYZER_NONNULL = YES;
				CLANG_ANALYZER_NUMBER_OBJECT_CONVERSION = YES_AGGRESSIVE;
				CLANG_CXX_LANGUAGE_STANDARD = "gnu++14";
				CLANG_CXX_LIBRARY = "libc++";
				CLANG_ENABLE_MODULES = YES;
				CLANG_ENABLE_OBJC_ARC = YES;
				CLANG_ENABLE_OBJC_WEAK = YES;
				CLANG_WARN_BLOCK_CAPTURE_AUTORELEASING = YES;
				CLANG_WARN_BOOL_CONVERSION = YES;
				CLANG_WARN_COMMA = YES;
				CLANG_WARN_CONSTANT_CONVERSION = YES;
				CLANG_WARN_DEPRECATED_OBJC_IMPLEMENTATIONS = YES;
				CLANG_WARN_DIRECT_OBJC_ISA_USAGE = YES_ERROR;
				CLANG_WARN_DOCUMENTATION_COMMENTS = YES;
				CLANG_WARN_EMPTY_BODY = YES;
				CLANG_WARN_ENUM_CONVERSION = YES;
				CLANG_WARN_INFINITE_RECURSION = YES;
				CLANG_WARN_INT_CONVERSION = YES;
				CLANG_WARN_NON_LITERAL_NULL_CONVERSION = YES;
				CLANG_WARN_OBJC_IMPLICIT_RETAIN_SELF = YES;
				CLANG_WARN_OBJC_LITERAL_CONVERSION = YES;
				CLANG_WARN_OBJC_ROOT_CLASS = YES_ERROR;
				CLANG_WARN_RANGE_LOOP_ANALYSIS = YES;
				CLANG_WARN_STRICT_PROTOTYPES = YES;
				CLANG_WARN_SUSPICIOUS_MOVE = YES;
				CLANG_WARN_UNGUARDED_AVAILABILITY = YES_AGGRESSIVE;
				CLANG_WARN_UNREACHABLE_CODE = YES;
				CLANG_WARN__DUPLICATE_METHOD_MATCH = YES;
				CODE_SIGN_IDENTITY = "iPhone Developer";
				COPY_PHASE_STRIP = NO;
				DEBUG_INFORMATION_FORMAT = dwarf;
				ENABLE_STRICT_OBJC_MSGSEND = YES;
				ENABLE_TESTABILITY = YES;
				GCC_C_LANGUAGE_STANDARD = gnu11;
				GCC_DYNAMIC_NO_PIC = NO;
				GCC_NO_COMMON_BLOCKS = YES;
				GCC_OPTIMIZATION_LEVEL = 0;
				GCC_PREPROCESSOR_DEFINITIONS = (
					"DEBUG=1",
					"$(inherited)",
				);
				GCC_WARN_64_TO_32_BIT_CONVERSION = YES;
				GCC_WARN_ABOUT_RETURN_TYPE = YES_ERROR;
				GCC_WARN_UNDECLARED_SELECTOR = YES;
				GCC_WARN_UNINITIALIZED_AUTOS = YES_AGGRESSIVE;
				GCC_WARN_UNUSED_FUNCTION = YES;
				GCC_WARN_UNUSED_VARIABLE = YES;
				IPHONEOS_DEPLOYMENT_TARGET = 12.1;
				MTL_ENABLE_DEBUG_INFO = INCLUDE_SOURCE;
				MTL_FAST_MATH = YES;
				ONLY_ACTIVE_ARCH = YES;
				SDKROOT = iphoneos;
				SWIFT_ACTIVE_COMPILATION_CONDITIONS = DEBUG;
				SWIFT_OPTIMIZATION_LEVEL = "-Onone";
			};
			name = Debug;
		};
		4641526B223AAF9600A9F1FE /* Release */ = {
			isa = XCBuildConfiguration;
			buildSettings = {
				ALWAYS_SEARCH_USER_PATHS = NO;
				CLANG_ANALYZER_NONNULL = YES;
				CLANG_ANALYZER_NUMBER_OBJECT_CONVERSION = YES_AGGRESSIVE;
				CLANG_CXX_LANGUAGE_STANDARD = "gnu++14";
				CLANG_CXX_LIBRARY = "libc++";
				CLANG_ENABLE_MODULES = YES;
				CLANG_ENABLE_OBJC_ARC = YES;
				CLANG_ENABLE_OBJC_WEAK = YES;
				CLANG_WARN_BLOCK_CAPTURE_AUTORELEASING = YES;
				CLANG_WARN_BOOL_CONVERSION = YES;
				CLANG_WARN_COMMA = YES;
				CLANG_WARN_CONSTANT_CONVERSION = YES;
				CLANG_WARN_DEPRECATED_OBJC_IMPLEMENTATIONS = YES;
				CLANG_WARN_DIRECT_OBJC_ISA_USAGE = YES_ERROR;
				CLANG_WARN_DOCUMENTATION_COMMENTS = YES;
				CLANG_WARN_EMPTY_BODY = YES;
				CLANG_WARN_ENUM_CONVERSION = YES;
				CLANG_WARN_INFINITE_RECURSION = YES;
				CLANG_WARN_INT_CONVERSION = YES;
				CLANG_WARN_NON_LITERAL_NULL_CONVERSION = YES;
				CLANG_WARN_OBJC_IMPLICIT_RETAIN_SELF = YES;
				CLANG_WARN_OBJC_LITERAL_CONVERSION = YES;
				CLANG_WARN_OBJC_ROOT_CLASS = YES_ERROR;
				CLANG_WARN_RANGE_LOOP_ANALYSIS = YES;
				CLANG_WARN_STRICT_PROTOTYPES = YES;
				CLANG_WARN_SUSPICIOUS_MOVE = YES;
				CLANG_WARN_UNGUARDED_AVAILABILITY = YES_AGGRESSIVE;
				CLANG_WARN_UNREACHABLE_CODE = YES;
				CLANG_WARN__DUPLICATE_METHOD_MATCH = YES;
				CODE_SIGN_IDENTITY = "iPhone Developer";
				COPY_PHASE_STRIP = NO;
				DEBUG_INFORMATION_FORMAT = "dwarf-with-dsym";
				ENABLE_NS_ASSERTIONS = NO;
				ENABLE_STRICT_OBJC_MSGSEND = YES;
				GCC_C_LANGUAGE_STANDARD = gnu11;
				GCC_NO_COMMON_BLOCKS = YES;
				GCC_WARN_64_TO_32_BIT_CONVERSION = YES;
				GCC_WARN_ABOUT_RETURN_TYPE = YES_ERROR;
				GCC_WARN_UNDECLARED_SELECTOR = YES;
				GCC_WARN_UNINITIALIZED_AUTOS = YES_AGGRESSIVE;
				GCC_WARN_UNUSED_FUNCTION = YES;
				GCC_WARN_UNUSED_VARIABLE = YES;
				IPHONEOS_DEPLOYMENT_TARGET = 12.1;
				MTL_ENABLE_DEBUG_INFO = NO;
				MTL_FAST_MATH = YES;
				SDKROOT = iphoneos;
				SWIFT_COMPILATION_MODE = wholemodule;
				SWIFT_OPTIMIZATION_LEVEL = "-O";
				VALIDATE_PRODUCT = YES;
			};
			name = Release;
		};
		4641526D223AAF9600A9F1FE /* Debug */ = {
			isa = XCBuildConfiguration;
			buildSettings = {
				ASSETCATALOG_COMPILER_APPICON_NAME = AppIcon;
				CODE_SIGN_STYLE = Automatic;
				DEVELOPMENT_TEAM = 78BZCUCGN3;
				INFOPLIST_FILE = AmericanDream/Info.plist;
				LD_RUNPATH_SEARCH_PATHS = (
					"$(inherited)",
					"@executable_path/Frameworks",
				);
				PRODUCT_BUNDLE_IDENTIFIER = com.christophebugnon.AmericanDream;
				PRODUCT_NAME = "$(TARGET_NAME)";
				SWIFT_VERSION = 4.2;
				TARGETED_DEVICE_FAMILY = "1,2";
			};
			name = Debug;
		};
		4641526E223AAF9600A9F1FE /* Release */ = {
			isa = XCBuildConfiguration;
			buildSettings = {
				ASSETCATALOG_COMPILER_APPICON_NAME = AppIcon;
				CODE_SIGN_STYLE = Automatic;
				DEVELOPMENT_TEAM = 78BZCUCGN3;
				INFOPLIST_FILE = AmericanDream/Info.plist;
				LD_RUNPATH_SEARCH_PATHS = (
					"$(inherited)",
					"@executable_path/Frameworks",
				);
				PRODUCT_BUNDLE_IDENTIFIER = com.christophebugnon.AmericanDream;
				PRODUCT_NAME = "$(TARGET_NAME)";
				SWIFT_VERSION = 4.2;
				TARGETED_DEVICE_FAMILY = "1,2";
			};
			name = Release;
		};
		46415270223AAF9600A9F1FE /* Debug */ = {
			isa = XCBuildConfiguration;
			buildSettings = {
				ALWAYS_EMBED_SWIFT_STANDARD_LIBRARIES = YES;
				BUNDLE_LOADER = "$(TEST_HOST)";
				CODE_SIGN_STYLE = Automatic;
				DEVELOPMENT_TEAM = 78BZCUCGN3;
				INFOPLIST_FILE = AmericanDreamTests/Info.plist;
				LD_RUNPATH_SEARCH_PATHS = (
					"$(inherited)",
					"@executable_path/Frameworks",
					"@loader_path/Frameworks",
				);
				PRODUCT_BUNDLE_IDENTIFIER = com.christophebugnon.AmericanDreamTests;
				PRODUCT_NAME = "$(TARGET_NAME)";
				SWIFT_VERSION = 4.2;
				TARGETED_DEVICE_FAMILY = "1,2";
				TEST_HOST = "$(BUILT_PRODUCTS_DIR)/AmericanDream.app/AmericanDream";
			};
			name = Debug;
		};
		46415271223AAF9600A9F1FE /* Release */ = {
			isa = XCBuildConfiguration;
			buildSettings = {
				ALWAYS_EMBED_SWIFT_STANDARD_LIBRARIES = YES;
				BUNDLE_LOADER = "$(TEST_HOST)";
				CODE_SIGN_STYLE = Automatic;
				DEVELOPMENT_TEAM = 78BZCUCGN3;
				INFOPLIST_FILE = AmericanDreamTests/Info.plist;
				LD_RUNPATH_SEARCH_PATHS = (
					"$(inherited)",
					"@executable_path/Frameworks",
					"@loader_path/Frameworks",
				);
				PRODUCT_BUNDLE_IDENTIFIER = com.christophebugnon.AmericanDreamTests;
				PRODUCT_NAME = "$(TARGET_NAME)";
				SWIFT_VERSION = 4.2;
				TARGETED_DEVICE_FAMILY = "1,2";
				TEST_HOST = "$(BUILT_PRODUCTS_DIR)/AmericanDream.app/AmericanDream";
			};
			name = Release;
		};
/* End XCBuildConfiguration section */

/* Begin XCConfigurationList section */
		4641524A223AAF8D00A9F1FE /* Build configuration list for PBXProject "AmericanDream" */ = {
			isa = XCConfigurationList;
			buildConfigurations = (
				4641526A223AAF9600A9F1FE /* Debug */,
				4641526B223AAF9600A9F1FE /* Release */,
			);
			defaultConfigurationIsVisible = 0;
			defaultConfigurationName = Release;
		};
		4641526C223AAF9600A9F1FE /* Build configuration list for PBXNativeTarget "AmericanDream" */ = {
			isa = XCConfigurationList;
			buildConfigurations = (
				4641526D223AAF9600A9F1FE /* Debug */,
				4641526E223AAF9600A9F1FE /* Release */,
			);
			defaultConfigurationIsVisible = 0;
			defaultConfigurationName = Release;
		};
		4641526F223AAF9600A9F1FE /* Build configuration list for PBXNativeTarget "AmericanDreamTests" */ = {
			isa = XCConfigurationList;
			buildConfigurations = (
				46415270223AAF9600A9F1FE /* Debug */,
				46415271223AAF9600A9F1FE /* Release */,
			);
			defaultConfigurationIsVisible = 0;
			defaultConfigurationName = Release;
		};
/* End XCConfigurationList section */
	};
	rootObject = 46415247223AAF8D00A9F1FE /* Project object */;
}
